
Microsoft Visual Studio Solution File, Format Version 11.00
# Visual Studio 2012
Project("{F184B08F-C81C-45F6-A57F-5ABD9991F28F}") = "CompareDWG", "CompareDWG\CompareDWG.vbproj", "{76A85E8D-6449-46FA-9887-5E550EB06FB4}"
EndProject
Project("{FAE04EC0-301F-11D3-BF4B-00C04F79EFBC}") = "CustomControls.Win", "..\..\..\dataset\CustomControls\CustomControls.Win.csproj", "{F5F681FD-8301-4176-8C65-DE181FBE0970}"
EndProject
Global
	GlobalSection(SolutionConfigurationPlatforms) = preSolution
		Debug|Any CPU = Debug|Any CPU
		Release|Any CPU = Release|Any CPU
	EndGlobalSection
	GlobalSection(ProjectConfigurationPlatforms) = postSolution
		{76A85E8D-6449-46FA-9887-5E550EB06FB4}.Debug|Any CPU.ActiveCfg = Debug|Any CPU
		{76A85E8D-6449-46FA-9887-5E550EB06FB4}.Debug|Any CPU.Build.0 = Debug|Any CPU
		{76A85E8D-6449-46FA-9887-5E550EB06FB4}.Release|Any CPU.ActiveCfg = Release|Any CPU
		{76A85E8D-6449-46FA-9887-5E550EB06FB4}.Release|Any CPU.Build.0 = Release|Any CPU
		{F5F681FD-8301-4176-8C65-DE181FBE0970}.Debug|Any CPU.ActiveCfg = Debug|Any CPU
		{F5F681FD-8301-4176-8C65-DE181FBE0970}.Debug|Any CPU.Build.0 = Debug|Any CPU
		{F5F681FD-8301-4176-8C65-DE181FBE0970}.Release|Any CPU.ActiveCfg = Release|Any CPU
		{F5F681FD-8301-4176-8C65-DE181FBE0970}.Release|Any CPU.Build.0 = Release|Any CPU
	EndGlobalSection
	GlobalSection(SolutionProperties) = preSolution
		HideSolutionNode = FALSE
	EndGlobalSection
EndGlobal
